
Microsoft Visual Studio Solution File, Format Version 12.00
# Visual Studio Version 16
VisualStudioVersion = 16.0.31410.357
MinimumVisualStudioVersion = 10.0.40219.1
Project("{888888A0-9F3D-457C-B088-3A5042F75D52}") = "RobotArmController", "RobotArmController\RobotArmController.pyproj", "{3C753256-C991-4080-8894-FFBD78B27365}"
EndProject
Global
	GlobalSection(SolutionConfigurationPlatforms) = preSolution
		Debug|Any CPU = Debug|Any CPU
		Release|Any CPU = Release|Any CPU
	EndGlobalSection
	GlobalSection(ProjectConfigurationPlatforms) = postSolution
		{3C753256-C991-4080-8894-FFBD78B27365}.Debug|Any CPU.ActiveCfg = Debug|Any CPU
		{3C753256-C991-4080-8894-FFBD78B27365}.Release|Any CPU.ActiveCfg = Release|Any CPU
	EndGlobalSection
	GlobalSection(SolutionProperties) = preSolution
		HideSolutionNode = FALSE
	EndGlobalSection
	GlobalSection(ExtensibilityGlobals) = postSolution
		SolutionGuid = {4608C6C1-7D5B-4FBB-B31E-9A1DD92F6648}
	EndGlobalSection
EndGlobal
